
Microsoft Visual Studio Solution File, Format Version 12.00
# Visual Studio Version 17
VisualStudioVersion = 17.10.35013.160
MinimumVisualStudioVersion = 10.0.40219.1
Project("{FAE04EC0-301F-11D3-BF4B-00C04F79EFBC}") = "ConsoleApp2", "ConsoleApp2\ConsoleApp2.csproj", "{19856D4B-A5C6-4FB0-B355-18B4689A7006}"
EndProject
Project("{FAE04EC0-301F-11D3-BF4B-00C04F79EFBC}") = "ClassLibrary1", "ClassLibrary1\ClassLibrary1.csproj", "{EFE86E4B-FCFD-4A46-BD17-A39AE71E95F3}"
EndProject
Global
	GlobalSection(SolutionConfigurationPlatforms) = preSolution
		Debug|Any CPU = Debug|Any CPU
		Release|Any CPU = Release|Any CPU
	EndGlobalSection
	GlobalSection(ProjectConfigurationPlatforms) = postSolution
		{19856D4B-A5C6-4FB0-B355-18B4689A7006}.Debug|Any CPU.ActiveCfg = Debug|Any CPU
		{19856D4B-A5C6-4FB0-B355-18B4689A7006}.Debug|Any CPU.Build.0 = Debug|Any CPU
		{19856D4B-A5C6-4FB0-B355-18B4689A7006}.Release|Any CPU.ActiveCfg = Release|Any CPU
		{19856D4B-A5C6-4FB0-B355-18B4689A7006}.Release|Any CPU.Build.0 = Release|Any CPU
		{EFE86E4B-FCFD-4A46-BD17-A39AE71E95F3}.Debug|Any CPU.ActiveCfg = Debug|Any CPU
		{EFE86E4B-FCFD-4A46-BD17-A39AE71E95F3}.Debug|Any CPU.Build.0 = Debug|Any CPU
		{EFE86E4B-FCFD-4A46-BD17-A39AE71E95F3}.Release|Any CPU.ActiveCfg = Release|Any CPU
		{EFE86E4B-FCFD-4A46-BD17-A39AE71E95F3}.Release|Any CPU.Build.0 = Release|Any CPU
	EndGlobalSection
	GlobalSection(SolutionProperties) = preSolution
		HideSolutionNode = FALSE
	EndGlobalSection
	GlobalSection(ExtensibilityGlobals) = postSolution
		SolutionGuid = {DB77D344-D631-444D-89C2-75F4F0765A34}
	EndGlobalSection
EndGlobal
